{
  "name": "html5up-dimension",
  "lockfileVersion": 2,
  "requires": true,
  "packages": {
    "": {
      "dependencies": {
        "html5-qrcode": "^2.3.0"
      }
    },
    "node_modules/html5-qrcode": {
      "version": "2.3.0",
      "resolved": "https://registry.npmjs.org/html5-qrcode/-/html5-qrcode-2.3.0.tgz",
      "integrity": "sha512-uMUxak0YHgInAwdQAttkuJkGq3qvXgaQEq39CubSr2Xsrk6QDwx8lGKprqRLh4JOw6Rd+x5flQ2oHJjhDRvwNQ=="
    }
  },
  "dependencies": {
    "html5-qrcode": {
      "version": "2.3.0",
      "resolved": "https://registry.npmjs.org/html5-qrcode/-/html5-qrcode-2.3.0.tgz",
      "integrity": "sha512-uMUxak0YHgInAwdQAttkuJkGq3qvXgaQEq39CubSr2Xsrk6QDwx8lGKprqRLh4JOw6Rd+x5flQ2oHJjhDRvwNQ=="
    }
  }
}
